PODS:
  - BugsnagPerformance (1.14.0)
  - common (90)

DEPENDENCIES:
  - BugsnagPerformance
  - common (from `../common`)

SPEC REPOS:
  trunk:
    - BugsnagPerformance

EXTERNAL SOURCES:
  common:
    :path: "../common"

SPEC CHECKSUMS:
  BugsnagPerformance: 1ce529b5ade51e2048019850fd0f8da5bcb8ee39
  common: d48db75043490f2780fee9c0c1348c32f76e1861

PODFILE CHECKSUM: 000b91682bffe8883f1f0a58c28b251dc5538a59

COCOAPODS: 1.16.2
